
Microsoft Visual Studio Solution File, Format Version 12.00
# Visual Studio 15
VisualStudioVersion = 15.0.28307.271
MinimumVisualStudioVersion = 10.0.40219.1
Project("{FAE04EC0-301F-11D3-BF4B-00C04F79EFBC}") = "Branch.API", "Branch.API\Branch.API.csproj", "{C26B472F-F086-4D47-AF5E-96E20BA72D0E}"
EndProject
Project("{FAE04EC0-301F-11D3-BF4B-00C04F79EFBC}") = "RavenDb", "MicroService.RavenDb\RavenDb.csproj", "{3EBEE5E6-F17E-4340-9E84-60AF7C6E57AA}"
EndProject
Project("{FAE04EC0-301F-11D3-BF4B-00C04F79EFBC}") = "Branch", "Branch\Branch.csproj", "{3D60AE0D-F143-474B-89C7-4B56DF7B7AE3}"
EndProject
Project("{2150E333-8FDC-42A3-9474-1A3956D46DE8}") = "Services", "Services", "{D4F1A461-09DF-45AC-9655-BF4D9C1BE320}"
EndProject
Project("{2150E333-8FDC-42A3-9474-1A3956D46DE8}") = "Branch", "Branch", "{C81339D1-9BD3-489B-9783-02A5368ED264}"
EndProject
Project("{2150E333-8FDC-42A3-9474-1A3956D46DE8}") = "Common", "Common", "{DF1D2AAB-5E24-473E-B7E7-6763648A91CB}"
EndProject
Global
	GlobalSection(SolutionConfigurationPlatforms) = preSolution
		Debug|Any CPU = Debug|Any CPU
		Release|Any CPU = Release|Any CPU
	EndGlobalSection
	GlobalSection(ProjectConfigurationPlatforms) = postSolution
		{C26B472F-F086-4D47-AF5E-96E20BA72D0E}.Debug|Any CPU.ActiveCfg = Debug|Any CPU
		{C26B472F-F086-4D47-AF5E-96E20BA72D0E}.Debug|Any CPU.Build.0 = Debug|Any CPU
		{C26B472F-F086-4D47-AF5E-96E20BA72D0E}.Release|Any CPU.ActiveCfg = Release|Any CPU
		{C26B472F-F086-4D47-AF5E-96E20BA72D0E}.Release|Any CPU.Build.0 = Release|Any CPU
		{3EBEE5E6-F17E-4340-9E84-60AF7C6E57AA}.Debug|Any CPU.ActiveCfg = Debug|Any CPU
		{3EBEE5E6-F17E-4340-9E84-60AF7C6E57AA}.Debug|Any CPU.Build.0 = Debug|Any CPU
		{3EBEE5E6-F17E-4340-9E84-60AF7C6E57AA}.Release|Any CPU.ActiveCfg = Release|Any CPU
		{3EBEE5E6-F17E-4340-9E84-60AF7C6E57AA}.Release|Any CPU.Build.0 = Release|Any CPU
		{3D60AE0D-F143-474B-89C7-4B56DF7B7AE3}.Debug|Any CPU.ActiveCfg = Debug|Any CPU
		{3D60AE0D-F143-474B-89C7-4B56DF7B7AE3}.Debug|Any CPU.Build.0 = Debug|Any CPU
		{3D60AE0D-F143-474B-89C7-4B56DF7B7AE3}.Release|Any CPU.ActiveCfg = Release|Any CPU
		{3D60AE0D-F143-474B-89C7-4B56DF7B7AE3}.Release|Any CPU.Build.0 = Release|Any CPU
	EndGlobalSection
	GlobalSection(SolutionProperties) = preSolution
		HideSolutionNode = FALSE
	EndGlobalSection
	GlobalSection(NestedProjects) = preSolution
		{C26B472F-F086-4D47-AF5E-96E20BA72D0E} = {C81339D1-9BD3-489B-9783-02A5368ED264}
		{3EBEE5E6-F17E-4340-9E84-60AF7C6E57AA} = {DF1D2AAB-5E24-473E-B7E7-6763648A91CB}
		{3D60AE0D-F143-474B-89C7-4B56DF7B7AE3} = {C81339D1-9BD3-489B-9783-02A5368ED264}
		{C81339D1-9BD3-489B-9783-02A5368ED264} = {D4F1A461-09DF-45AC-9655-BF4D9C1BE320}
	EndGlobalSection
	GlobalSection(ExtensibilityGlobals) = postSolution
		SolutionGuid = {018EA37F-2ABD-4440-90E7-51884A10C360}
	EndGlobalSection
EndGlobal
